
Microsoft Visual Studio Solution File, Format Version 12.00
# Visual Studio Version 16
VisualStudioVersion = 16.0.29102.190
MinimumVisualStudioVersion = 10.0.40219.1
Project("{FAE04EC0-301F-11D3-BF4B-00C04F79EFBC}") = "TraktToPlex", "TraktToPlex\TraktToPlex.csproj", "{21DF3B41-3239-483F-BF0A-51537A7C1965}"
EndProject
Global
	GlobalSection(SolutionConfigurationPlatforms) = preSolution
		Debug|Any CPU = Debug|Any CPU
		Release|Any CPU = Release|Any CPU
	EndGlobalSection
	GlobalSection(ProjectConfigurationPlatforms) = postSolution
		{21DF3B41-3239-483F-BF0A-51537A7C1965}.Debug|Any CPU.ActiveCfg = Debug|Any CPU
		{21DF3B41-3239-483F-BF0A-51537A7C1965}.Debug|Any CPU.Build.0 = Debug|Any CPU
		{21DF3B41-3239-483F-BF0A-51537A7C1965}.Release|Any CPU.ActiveCfg = Release|Any CPU
		{21DF3B41-3239-483F-BF0A-51537A7C1965}.Release|Any CPU.Build.0 = Release|Any CPU
	EndGlobalSection
	GlobalSection(SolutionProperties) = preSolution
		HideSolutionNode = FALSE
	EndGlobalSection
	GlobalSection(ExtensibilityGlobals) = postSolution
		SolutionGuid = {21F60E86-4E78-4CE9-B67C-FACD11F7BDB7}
	EndGlobalSection
EndGlobal
